
Microsoft Visual Studio Solution File, Format Version 12.00
# Visual Studio Version 16
VisualStudioVersion = 16.0.29806.167
MinimumVisualStudioVersion = 10.0.40219.1
Project("{2150E333-8FDC-42A3-9474-1A3956D46DE8}") = "Entites", "Entites", "{37EF7650-D33A-47A3-9D25-4601698199B6}"
EndProject
Project("{9A19103F-16F7-4668-BE54-9A1E7A4F7556}") = "Almocao.Entities", "Almocao.Entities\Almocao.Entities.csproj", "{5E487B2C-E2C7-4C93-972B-B94DC09E0B31}"
EndProject
Project("{2150E333-8FDC-42A3-9474-1A3956D46DE8}") = "Helpers", "Helpers", "{110E8EBC-0650-4229-9BBF-8939E8CA7493}"
EndProject
Project("{9A19103F-16F7-4668-BE54-9A1E7A4F7556}") = "Almocao.Helpers", "Almocao.Helpers\Almocao.Helpers.csproj", "{DCA7D048-4099-457E-BD4C-CAD66B8DAF90}"
EndProject
Project("{2150E333-8FDC-42A3-9474-1A3956D46DE8}") = "DAL", "DAL", "{0BF9B3A9-9E31-426B-BC1C-7FA54A55C389}"
EndProject
Project("{9A19103F-16F7-4668-BE54-9A1E7A4F7556}") = "Almocao.DAL", "Almocao.DAL\Almocao.DAL.csproj", "{BE70D0B8-8FA5-40C0-BB71-0282C6C35CA4}"
EndProject
Project("{9A19103F-16F7-4668-BE54-9A1E7A4F7556}") = "Almocao.DAL.Infra", "Almocao.DAL.Infra\Almocao.DAL.Infra.csproj", "{D1BCF0DC-172C-49A0-8620-21B3CDAD9F0B}"
EndProject
Project("{2150E333-8FDC-42A3-9474-1A3956D46DE8}") = "API", "API", "{979F74DE-647D-419E-B23C-68DB5A2AB72D}"
EndProject
Project("{9A19103F-16F7-4668-BE54-9A1E7A4F7556}") = "Almocao.API", "Almocao.API\Almocao.API.csproj", "{47928B0F-B8D9-4E3C-A8EF-A5B3C2156E50}"
EndProject
Project("{2150E333-8FDC-42A3-9474-1A3956D46DE8}") = "BLL", "BLL", "{26F37D93-D60C-43E4-B1B3-5054E85541A1}"
EndProject
Project("{FAE04EC0-301F-11D3-BF4B-00C04F79EFBC}") = "Almocao.BLL", "Almocao.BLL\Almocao.BLL.csproj", "{FF7A9B8F-BE4B-4A42-92C6-6E770B997CA2}"
EndProject
Project("{FAE04EC0-301F-11D3-BF4B-00C04F79EFBC}") = "Almocao.BLL.Infra", "Almocao.BLL.Infra\Almocao.BLL.Infra.csproj", "{964ABA88-7308-43D6-B8CF-EC49704BAD2A}"
EndProject
Global
	GlobalSection(SolutionConfigurationPlatforms) = preSolution
		Debug|Any CPU = Debug|Any CPU
		Release|Any CPU = Release|Any CPU
	EndGlobalSection
	GlobalSection(ProjectConfigurationPlatforms) = postSolution
		{5E487B2C-E2C7-4C93-972B-B94DC09E0B31}.Debug|Any CPU.ActiveCfg = Debug|Any CPU
		{5E487B2C-E2C7-4C93-972B-B94DC09E0B31}.Debug|Any CPU.Build.0 = Debug|Any CPU
		{5E487B2C-E2C7-4C93-972B-B94DC09E0B31}.Release|Any CPU.ActiveCfg = Release|Any CPU
		{5E487B2C-E2C7-4C93-972B-B94DC09E0B31}.Release|Any CPU.Build.0 = Release|Any CPU
		{DCA7D048-4099-457E-BD4C-CAD66B8DAF90}.Debug|Any CPU.ActiveCfg = Debug|Any CPU
		{DCA7D048-4099-457E-BD4C-CAD66B8DAF90}.Debug|Any CPU.Build.0 = Debug|Any CPU
		{DCA7D048-4099-457E-BD4C-CAD66B8DAF90}.Release|Any CPU.ActiveCfg = Release|Any CPU
		{DCA7D048-4099-457E-BD4C-CAD66B8DAF90}.Release|Any CPU.Build.0 = Release|Any CPU
		{BE70D0B8-8FA5-40C0-BB71-0282C6C35CA4}.Debug|Any CPU.ActiveCfg = Debug|Any CPU
		{BE70D0B8-8FA5-40C0-BB71-0282C6C35CA4}.Debug|Any CPU.Build.0 = Debug|Any CPU
		{BE70D0B8-8FA5-40C0-BB71-0282C6C35CA4}.Release|Any CPU.ActiveCfg = Release|Any CPU
		{BE70D0B8-8FA5-40C0-BB71-0282C6C35CA4}.Release|Any CPU.Build.0 = Release|Any CPU
		{D1BCF0DC-172C-49A0-8620-21B3CDAD9F0B}.Debug|Any CPU.ActiveCfg = Debug|Any CPU
		{D1BCF0DC-172C-49A0-8620-21B3CDAD9F0B}.Debug|Any CPU.Build.0 = Debug|Any CPU
		{D1BCF0DC-172C-49A0-8620-21B3CDAD9F0B}.Release|Any CPU.ActiveCfg = Release|Any CPU
		{D1BCF0DC-172C-49A0-8620-21B3CDAD9F0B}.Release|Any CPU.Build.0 = Release|Any CPU
		{47928B0F-B8D9-4E3C-A8EF-A5B3C2156E50}.Debug|Any CPU.ActiveCfg = Debug|Any CPU
		{47928B0F-B8D9-4E3C-A8EF-A5B3C2156E50}.Debug|Any CPU.Build.0 = Debug|Any CPU
		{47928B0F-B8D9-4E3C-A8EF-A5B3C2156E50}.Release|Any CPU.ActiveCfg = Release|Any CPU
		{47928B0F-B8D9-4E3C-A8EF-A5B3C2156E50}.Release|Any CPU.Build.0 = Release|Any CPU
		{FF7A9B8F-BE4B-4A42-92C6-6E770B997CA2}.Debug|Any CPU.ActiveCfg = Debug|Any CPU
		{FF7A9B8F-BE4B-4A42-92C6-6E770B997CA2}.Debug|Any CPU.Build.0 = Debug|Any CPU
		{FF7A9B8F-BE4B-4A42-92C6-6E770B997CA2}.Release|Any CPU.ActiveCfg = Release|Any CPU
		{FF7A9B8F-BE4B-4A42-92C6-6E770B997CA2}.Release|Any CPU.Build.0 = Release|Any CPU
		{964ABA88-7308-43D6-B8CF-EC49704BAD2A}.Debug|Any CPU.ActiveCfg = Debug|Any CPU
		{964ABA88-7308-43D6-B8CF-EC49704BAD2A}.Debug|Any CPU.Build.0 = Debug|Any CPU
		{964ABA88-7308-43D6-B8CF-EC49704BAD2A}.Release|Any CPU.ActiveCfg = Release|Any CPU
		{964ABA88-7308-43D6-B8CF-EC49704BAD2A}.Release|Any CPU.Build.0 = Release|Any CPU
	EndGlobalSection
	GlobalSection(SolutionProperties) = preSolution
		HideSolutionNode = FALSE
	EndGlobalSection
	GlobalSection(NestedProjects) = preSolution
		{5E487B2C-E2C7-4C93-972B-B94DC09E0B31} = {37EF7650-D33A-47A3-9D25-4601698199B6}
		{DCA7D048-4099-457E-BD4C-CAD66B8DAF90} = {110E8EBC-0650-4229-9BBF-8939E8CA7493}
		{BE70D0B8-8FA5-40C0-BB71-0282C6C35CA4} = {0BF9B3A9-9E31-426B-BC1C-7FA54A55C389}
		{D1BCF0DC-172C-49A0-8620-21B3CDAD9F0B} = {0BF9B3A9-9E31-426B-BC1C-7FA54A55C389}
		{47928B0F-B8D9-4E3C-A8EF-A5B3C2156E50} = {979F74DE-647D-419E-B23C-68DB5A2AB72D}
		{FF7A9B8F-BE4B-4A42-92C6-6E770B997CA2} = {26F37D93-D60C-43E4-B1B3-5054E85541A1}
		{964ABA88-7308-43D6-B8CF-EC49704BAD2A} = {26F37D93-D60C-43E4-B1B3-5054E85541A1}
	EndGlobalSection
	GlobalSection(ExtensibilityGlobals) = postSolution
		SolutionGuid = {2C8D146B-FB18-4CC9-8260-979193FD7CB5}
	EndGlobalSection
EndGlobal
